// !$*UTF8*$!
{
	archiveVersion = 1;
	classes = {
	};
	objectVersion = 46;
	objects = {

/* Begin PBXBuildFile section */
		2B8A7274D807C3A00C3E5826 /* Pods_DummyProj.framework in Frameworks */ = {isa = PBXBuildFile; fileRef = B64AFEA6AA5070C4A506153D /* Pods_DummyProj.framework */; };
		8B482EE61F4CC6050074A006 /* main.m in Sources */ = {isa = PBXBuildFile; fileRef = 8B482EE51F4CC6050074A006 /* main.m */; };
		8B482EE91F4CC6050074A006 /* AppDelegate.m in Sources */ = {isa = PBXBuildFile; fileRef = 8B482EE81F4CC6050074A006 /* AppDelegate.m */; };
		8B482EEC1F4CC6050074A006 /* ViewController.m in Sources */ = {isa = PBXBuildFile; fileRef = 8B482EEB1F4CC6050074A006 /* ViewController.m */; };
		8B482EEF1F4CC6050074A006 /* Main.storyboard in Resources */ = {isa = PBXBuildFile; fileRef = 8B482EED1F4CC6050074A006 /* Main.storyboard */; };
		8B482EF11F4CC6050074A006 /* Assets.xcassets in Resources */ = {isa = PBXBuildFile; fileRef = 8B482EF01F4CC6050074A006 /* Assets.xcassets */; };
		8B482EF41F4CC6050074A006 /* LaunchScreen.storyboard in Resources */ = {isa = PBXBuildFile; fileRef = 8B482EF21F4CC6050074A006 /* LaunchScreen.storyboard */; };
/* End PBXBuildFile section */

/* Begin PBXFileReference section */
		00AEF95DA1770CAB71D20157 /* Pods-DummyProj.debug.xcconfig */ = {isa = PBXFileReference; includeInIndex = 1; lastKnownFileType = text.xcconfig; name = "Pods-DummyProj.debug.xcconfig"; path = "Pods/Target Support Files/Pods-DummyProj/Pods-DummyProj.debug.xcconfig"; sourceTree = "<group>"; };
		1F851E10FBF62B06B6B58CFB /* Pods-DummyProj.release.xcconfig */ = {isa = PBXFileReference; includeInIndex = 1; lastKnownFileType = text.xcconfig; name = "Pods-DummyProj.release.xcconfig"; path = "Pods/Target Support Files/Pods-DummyProj/Pods-DummyProj.release.xcconfig"; sourceTree = "<group>"; };
		8B482EE11F4CC6050074A006 /* DummyProj.app */ = {isa = PBXFileReference; explicitFileType = wrapper.application; includeInIndex = 0; path = DummyProj.app; sourceTree = BUILT_PRODUCTS_DIR; };
		8B482EE51F4CC6050074A006 /* main.m */ = {isa = PBXFileReference; lastKnownFileType = sourcecode.c.objc; path = main.m; sourceTree = "<group>"; };
		8B482EE71F4CC6050074A006 /* AppDelegate.h */ = {isa = PBXFileReference; lastKnownFileType = sourcecode.c.h; path = AppDelegate.h; sourceTree = "<group>"; };
		8B482EE81F4CC6050074A006 /* AppDelegate.m */ = {isa = PBXFileReference; lastKnownFileType = sourcecode.c.objc; path = AppDelegate.m; sourceTree = "<group>"; };
		8B482EEA1F4CC6050074A006 /* ViewController.h */ = {isa = PBXFileReference; lastKnownFileType = sourcecode.c.h; path = ViewController.h; sourceTree = "<group>"; };
		8B482EEB1F4CC6050074A006 /* ViewController.m */ = {isa = PBXFileReference; lastKnownFileType = sourcecode.c.objc; path = ViewController.m; sourceTree = "<group>"; };
		8B482EEE1F4CC6050074A006 /* Base */ = {isa = PBXFileReference; lastKnownFileType = file.storyboard; name = Base; path = Base.lproj/Main.storyboard; sourceTree = "<group>"; };
		8B482EF01F4CC6050074A006 /* Assets.xcassets */ = {isa = PBXFileReference; lastKnownFileType = folder.assetcatalog; path = Assets.xcassets; sourceTree = "<group>"; };
		8B482EF31F4CC6050074A006 /* Base */ = {isa = PBXFileReference; lastKnownFileType = file.storyboard; name = Base; path = Base.lproj/LaunchScreen.storyboard; sourceTree = "<group>"; };
		8B482EF51F4CC6050074A006 /* Info.plist */ = {isa = PBXFileReference; lastKnownFileType = text.plist.xml; path = Info.plist; sourceTree = "<group>"; };
		B64AFEA6AA5070C4A506153D /* Pods_DummyProj.framework */ = {isa = PBXFileReference; explicitFileType = wrapper.framework; includeInIndex = 0; path = Pods_DummyProj.framework; sourceTree = BUILT_PRODUCTS_DIR; };
/* End PBXFileReference section */

/* Begin PBXFrameworksBuildPhase section */
		8B482EDE1F4CC6050074A006 /* Frameworks */ = {
			isa = PBXFrameworksBuildPhase;
			buildActionMask = 2147483647;
			files = (
				2B8A7274D807C3A00C3E5826 /* Pods_DummyProj.framework in Frameworks */,
			);
			runOnlyForDeploymentPostprocessing = 0;
		};
/* End PBXFrameworksBuildPhase section */

/* Begin PBXGroup section */
		8B482ED81F4CC6050074A006 = {
			isa = PBXGroup;
			children = (
				8B482EE31F4CC6050074A006 /* DummyProj */,
				8B482EE21F4CC6050074A006 /* Products */,
				B2B90DDE76C28C229F2720B9 /* Pods */,
				D8E8C2ED236A1993D294E4DA /* Frameworks */,
			);
			sourceTree = "<group>";
		};
		8B482EE21F4CC6050074A006 /* Products */ = {
			isa = PBXGroup;
			children = (
				8B482EE11F4CC6050074A006 /* DummyProj.app */,
			);
			name = Products;
			sourceTree = "<group>";
		};
		8B482EE31F4CC6050074A006 /* DummyProj */ = {
			isa = PBXGroup;
			children = (
				8B482EE71F4CC6050074A006 /* AppDelegate.h */,
				8B482EE81F4CC6050074A006 /* AppDelegate.m */,
				8B482EEA1F4CC6050074A006 /* ViewController.h */,
				8B482EEB1F4CC6050074A006 /* ViewController.m */,
				8B482EED1F4CC6050074A006 /* Main.storyboard */,
				8B482EF01F4CC6050074A006 /* Assets.xcassets */,
				8B482EF21F4CC6050074A006 /* LaunchScreen.storyboard */,
				8B482EF51F4CC6050074A006 /* Info.plist */,
				8B482EE41F4CC6050074A006 /* Supporting Files */,
			);
			path = DummyProj;
			sourceTree = "<group>";
		};
		8B482EE41F4CC6050074A006 /* Supporting Files */ = {
			isa = PBXGroup;
			children = (
				8B482EE51F4CC6050074A006 /* main.m */,
			);
			name = "Supporting Files";
			sourceTree = "<group>";
		};
		B2B90DDE76C28C229F2720B9 /* Pods */ = {
			isa = PBXGroup;
			children = (
				00AEF95DA1770CAB71D20157 /* Pods-DummyProj.debug.xcconfig */,
				1F851E10FBF62B06B6B58CFB /* Pods-DummyProj.release.xcconfig */,
			);
			name = Pods;
			sourceTree = "<group>";
		};
		D8E8C2ED236A1993D294E4DA /* Frameworks */ = {
			isa = PBXGroup;
			children = (
				B64AFEA6AA5070C4A506153D /* Pods_DummyProj.framework */,
			);
			name = Frameworks;
			sourceTree = "<group>";
		};
/* End PBXGroup section */

/* Begin PBXNativeTarget section */
		8B482EE01F4CC6050074A006 /* DummyProj */ = {
			isa = PBXNativeTarget;
			buildConfigurationList = 8B482EF81F4CC6050074A006 /* Build configuration list for PBXNativeTarget "DummyProj" */;
			buildPhases = (
				7D8DDA8408379990BB058E19 /* [CP] Check Pods Manifest.lock */,
				8B482EDD1F4CC6050074A006 /* Sources */,
				8B482EDE1F4CC6050074A006 /* Frameworks */,
				8B482EDF1F4CC6050074A006 /* Resources */,
				8EEDCF99E494F68C7F526BD5 /* [CP] Embed Pods Frameworks */,
				252373026F7D28DE545F605D /* [CP] Copy Pods Resources */,
			);
			buildRules = (
			);
			dependencies = (
			);
			name = DummyProj;
			productName = DummyProj;
			productReference = 8B482EE11F4CC6050074A006 /* DummyProj.app */;
			productType = "com.apple.product-type.application";
		};
/* End PBXNativeTarget section */

/* Begin PBXProject section */
		8B482ED91F4CC6050074A006 /* Project object */ = {
			isa = PBXProject;
			attributes = {
				LastUpgradeCheck = 0830;
				ORGANIZATIONNAME = "Cory Alder";
				TargetAttributes = {
					8B482EE01F4CC6050074A006 = {
						CreatedOnToolsVersion = 8.3.3;
						DevelopmentTeam = L4FET847JL;
						ProvisioningStyle = Automatic;
					};
				};
			};
			buildConfigurationList = 8B482EDC1F4CC6050074A006 /* Build configuration list for PBXProject "DummyProj" */;
			compatibilityVersion = "Xcode 3.2";
			developmentRegion = English;
			hasScannedForEncodings = 0;
			knownRegions = (
				en,
				Base,
			);
			mainGroup = 8B482ED81F4CC6050074A006;
			productRefGroup = 8B482EE21F4CC6050074A006 /* Products */;
			projectDirPath = "";
			projectRoot = "";
			targets = (
				8B482EE01F4CC6050074A006 /* DummyProj */,
			);
		};
/* End PBXProject section */

/* Begin PBXResourcesBuildPhase section */
		8B482EDF1F4CC6050074A006 /* Resources */ = {
			isa = PBXResourcesBuildPhase;
			buildActionMask = 2147483647;
			files = (
				8B482EF41F4CC6050074A006 /* LaunchScreen.storyboard in Resources */,
				8B482EF11F4CC6050074A006 /* Assets.xcassets in Resources */,
				8B482EEF1F4CC6050074A006 /* Main.storyboard in Resources */,
			);
			runOnlyForDeploymentPostprocessing = 0;
		};
/* End PBXResourcesBuildPhase section */

/* Begin PBXShellScriptBuildPhase section */
		252373026F7D28DE545F605D /* [CP] Copy Pods Resources */ = {
			isa = PBXShellScriptBuildPhase;
			buildActionMask = 2147483647;
			files = (
			);
			inputPaths = (
			);
			name = "[CP] Copy Pods Resources";
			outputPaths = (
			);
			runOnlyForDeploymentPostprocessing = 0;
			shellPath = /bin/sh;
			shellScript = "\"${SRCROOT}/Pods/Target Support Files/Pods-DummyProj/Pods-DummyProj-resources.sh\"\n";
			showEnvVarsInLog = 0;
		};
		7D8DDA8408379990BB058E19 /* [CP] Check Pods Manifest.lock */ = {
			isa = PBXShellScriptBuildPhase;
			buildActionMask = 2147483647;
			files = (
			);
			inputPaths = (
				"${PODS_PODFILE_DIR_PATH}/Podfile.lock",
				"${PODS_ROOT}/Manifest.lock",
			);
			name = "[CP] Check Pods Manifest.lock";
			outputPaths = (
				"$(DERIVED_FILE_DIR)/Pods-DummyProj-checkManifestLockResult.txt",
			);
			runOnlyForDeploymentPostprocessing = 0;
			shellPath = /bin/sh;
			shellScript = "diff \"${PODS_PODFILE_DIR_PATH}/Podfile.lock\" \"${PODS_ROOT}/Manifest.lock\" > /dev/null\nif [ $? != 0 ] ; then\n    # print error to STDERR\n    echo \"error: The sandbox is not in sync with the Podfile.lock. Run 'pod install' or update your CocoaPods installation.\" >&2\n    exit 1\nfi\n# This output is used by Xcode 'outputs' to avoid re-running this script phase.\necho \"SUCCESS\" > \"${SCRIPT_OUTPUT_FILE_0}\"\n";
			showEnvVarsInLog = 0;
		};
		8EEDCF99E494F68C7F526BD5 /* [CP] Embed Pods Frameworks */ = {
			isa = PBXShellScriptBuildPhase;
			buildActionMask = 2147483647;
			files = (
			);
			inputPaths = (
				"${SRCROOT}/Pods/Target Support Files/Pods-DummyProj/Pods-DummyProj-frameworks.sh",
				"${BUILT_PRODUCTS_DIR}/DATAFilter/DATAFilter.framework",
				"${BUILT_PRODUCTS_DIR}/DATAObjectIDs/DATAObjectIDs.framework",
				"${BUILT_PRODUCTS_DIR}/DATAStack/DATAStack.framework",
				"${BUILT_PRODUCTS_DIR}/NSDictionary-ANDYSafeValue/NSDictionary_ANDYSafeValue.framework",
				"${BUILT_PRODUCTS_DIR}/NSEntityDescription-SYNCPrimaryKey/NSEntityDescription_SYNCPrimaryKey.framework",
				"${BUILT_PRODUCTS_DIR}/NSManagedObject-HYPPropertyMapper/NSManagedObject_HYPPropertyMapper.framework",
				"${BUILT_PRODUCTS_DIR}/NSString-HYPNetworking/NSString_HYPNetworking.framework",
				"${BUILT_PRODUCTS_DIR}/Nuke/Nuke.framework",
				"${BUILT_PRODUCTS_DIR}/Sync/Sync.framework",
			);
			name = "[CP] Embed Pods Frameworks";
			outputPaths = (
				"${TARGET_BUILD_DIR}/${FRAMEWORKS_FOLDER_PATH}/DATAFilter.framework",
				"${TARGET_BUILD_DIR}/${FRAMEWORKS_FOLDER_PATH}/DATAObjectIDs.framework",
				"${TARGET_BUILD_DIR}/${FRAMEWORKS_FOLDER_PATH}/DATAStack.framework",
				"${TARGET_BUILD_DIR}/${FRAMEWORKS_FOLDER_PATH}/NSDictionary_ANDYSafeValue.framework",
				"${TARGET_BUILD_DIR}/${FRAMEWORKS_FOLDER_PATH}/NSEntityDescription_SYNCPrimaryKey.framework",
				"${TARGET_BUILD_DIR}/${FRAMEWORKS_FOLDER_PATH}/NSManagedObject_HYPPropertyMapper.framework",
				"${TARGET_BUILD_DIR}/${FRAMEWORKS_FOLDER_PATH}/NSString_HYPNetworking.framework",
				"${TARGET_BUILD_DIR}/${FRAMEWORKS_FOLDER_PATH}/Nuke.framework",
				"${TARGET_BUILD_DIR}/${FRAMEWORKS_FOLDER_PATH}/Sync.framework",
			);
			runOnlyForDeploymentPostprocessing = 0;
			shellPath = /bin/sh;
			shellScript = "\"${SRCROOT}/Pods/Target Support Files/Pods-DummyProj/Pods-DummyProj-frameworks.sh\"\n";
			showEnvVarsInLog = 0;
		};
/* End PBXShellScriptBuildPhase section */

/* Begin PBXSourcesBuildPhase section */
		8B482EDD1F4CC6050074A006 /* Sources */ = {
			isa = PBXSourcesBuildPhase;
			buildActionMask = 2147483647;
			files = (
				8B482EEC1F4CC6050074A006 /* ViewController.m in Sources */,
				8B482EE91F4CC6050074A006 /* AppDelegate.m in Sources */,
				8B482EE61F4CC6050074A006 /* main.m in Sources */,
			);
			runOnlyForDeploymentPostprocessing = 0;
		};
/* End PBXSourcesBuildPhase section */

/* Begin PBXVariantGroup section */
		8B482EED1F4CC6050074A006 /* Main.storyboard */ = {
			isa = PBXVariantGroup;
			children = (
				8B482EEE1F4CC6050074A006 /* Base */,
			);
			name = Main.storyboard;
			sourceTree = "<group>";
		};
		8B482EF21F4CC6050074A006 /* LaunchScreen.storyboard */ = {
			isa = PBXVariantGroup;
			children = (
				8B482EF31F4CC6050074A006 /* Base */,
			);
			name = LaunchScreen.storyboard;
			sourceTree = "<group>";
		};
/* End PBXVariantGroup section */

/* Begin XCBuildConfiguration section */
		8B482EF61F4CC6050074A006 /* Debug */ = {
			isa = XCBuildConfiguration;
			buildSettings = {
				ALWAYS_SEARCH_USER_PATHS = NO;
				CLANG_ANALYZER_NONNULL = YES;
				CLANG_ANALYZER_NUMBER_OBJECT_CONVERSION = YES_AGGRESSIVE;
				CLANG_CXX_LANGUAGE_STANDARD = "gnu++0x";
				CLANG_CXX_LIBRARY = "libc++";
				CLANG_ENABLE_MODULES = YES;
				CLANG_ENABLE_OBJC_ARC = YES;
				CLANG_WARN_BOOL_CONVERSION = YES;
				CLANG_WARN_CONSTANT_CONVERSION = YES;
				CLANG_WARN_DIRECT_OBJC_ISA_USAGE = YES_ERROR;
				CLANG_WARN_DOCUMENTATION_COMMENTS = YES;
				CLANG_WARN_EMPTY_BODY = YES;
				CLANG_WARN_ENUM_CONVERSION = YES;
				CLANG_WARN_INFINITE_RECURSION = YES;
				CLANG_WARN_INT_CONVERSION = YES;
				CLANG_WARN_OBJC_ROOT_CLASS = YES_ERROR;
				CLANG_WARN_SUSPICIOUS_MOVE = YES;
				CLANG_WARN_UNREACHABLE_CODE = YES;
				CLANG_WARN__DUPLICATE_METHOD_MATCH = YES;
				"CODE_SIGN_IDENTITY[sdk=iphoneos*]" = "iPhone Developer";
				COPY_PHASE_STRIP = NO;
				DEBUG_INFORMATION_FORMAT = dwarf;
				ENABLE_STRICT_OBJC_MSGSEND = YES;
				ENABLE_TESTABILITY = YES;
				GCC_C_LANGUAGE_STANDARD = gnu99;
				GCC_DYNAMIC_NO_PIC = NO;
				GCC_NO_COMMON_BLOCKS = YES;
				GCC_OPTIMIZATION_LEVEL = 0;
				GCC_PREPROCESSOR_DEFINITIONS = (
					"DEBUG=1",
					"$(inherited)",
				);
				GCC_WARN_64_TO_32_BIT_CONVERSION = YES;
				GCC_WARN_ABOUT_RETURN_TYPE = YES_ERROR;
				GCC_WARN_UNDECLARED_SELECTOR = YES;
				GCC_WARN_UNINITIALIZED_AUTOS = YES_AGGRESSIVE;
				GCC_WARN_UNUSED_FUNCTION = YES;
				GCC_WARN_UNUSED_VARIABLE = YES;
				IPHONEOS_DEPLOYMENT_TARGET = 10.3;
				MTL_ENABLE_DEBUG_INFO = YES;
				ONLY_ACTIVE_ARCH = YES;
				SDKROOT = iphoneos;
				TARGETED_DEVICE_FAMILY = "1,2";
			};
			name = Debug;
		};
		8B482EF71F4CC6050074A006 /* Release */ = {
			isa = XCBuildConfiguration;
			buildSettings = {
				ALWAYS_SEARCH_USER_PATHS = NO;
				CLANG_ANALYZER_NONNULL = YES;
				CLANG_ANALYZER_NUMBER_OBJECT_CONVERSION = YES_AGGRESSIVE;
				CLANG_CXX_LANGUAGE_STANDARD = "gnu++0x";
				CLANG_CXX_LIBRARY = "libc++";
				CLANG_ENABLE_MODULES = YES;
				CLANG_ENABLE_OBJC_ARC = YES;
				CLANG_WARN_BOOL_CONVERSION = YES;
				CLANG_WARN_CONSTANT_CONVERSION = YES;
				CLANG_WARN_DIRECT_OBJC_ISA_USAGE = YES_ERROR;
				CLANG_WARN_DOCUMENTATION_COMMENTS = YES;
				CLANG_WARN_EMPTY_BODY = YES;
				CLANG_WARN_ENUM_CONVERSION = YES;
				CLANG_WARN_INFINITE_RECURSION = YES;
				CLANG_WARN_INT_CONVERSION = YES;
				CLANG_WARN_OBJC_ROOT_CLASS = YES_ERROR;
				CLANG_WARN_SUSPICIOUS_MOVE = YES;
				CLANG_WARN_UNREACHABLE_CODE = YES;
				CLANG_WARN__DUPLICATE_METHOD_MATCH = YES;
				"CODE_SIGN_IDENTITY[sdk=iphoneos*]" = "iPhone Developer";
				COPY_PHASE_STRIP = NO;
				DEBUG_INFORMATION_FORMAT = "dwarf-with-dsym";
				ENABLE_NS_ASSERTIONS = NO;
				ENABLE_STRICT_OBJC_MSGSEND = YES;
				GCC_C_LANGUAGE_STANDARD = gnu99;
				GCC_NO_COMMON_BLOCKS = YES;
				GCC_WARN_64_TO_32_BIT_CONVERSION = YES;
				GCC_WARN_ABOUT_RETURN_TYPE = YES_ERROR;
				GCC_WARN_UNDECLARED_SELECTOR = YES;
				GCC_WARN_UNINITIALIZED_AUTOS = YES_AGGRESSIVE;
				GCC_WARN_UNUSED_FUNCTION = YES;
				GCC_WARN_UNUSED_VARIABLE = YES;
				IPHONEOS_DEPLOYMENT_TARGET = 10.3;
				MTL_ENABLE_DEBUG_INFO = NO;
				SDKROOT = iphoneos;
				TARGETED_DEVICE_FAMILY = "1,2";
				VALIDATE_PRODUCT = YES;
			};
			name = Release;
		};
		8B482EF91F4CC6050074A006 /* Debug */ = {
			isa = XCBuildConfiguration;
			baseConfigurationReference = 00AEF95DA1770CAB71D20157 /* Pods-DummyProj.debug.xcconfig */;
			buildSettings = {
				ASSETCATALOG_COMPILER_APPICON_NAME = AppIcon;
				DEVELOPMENT_TEAM = L4FET847JL;
				INFOPLIST_FILE = DummyProj/Info.plist;
				LD_RUNPATH_SEARCH_PATHS = "$(inherited) @executable_path/Frameworks";
				PRODUCT_BUNDLE_IDENTIFIER = com.buddybuild.DummyProj;
				PRODUCT_NAME = "$(TARGET_NAME)";
			};
			name = Debug;
		};
		8B482EFA1F4CC6050074A006 /* Release */ = {
			isa = XCBuildConfiguration;
			baseConfigurationReference = 1F851E10FBF62B06B6B58CFB /* Pods-DummyProj.release.xcconfig */;
			buildSettings = {
				ASSETCATALOG_COMPILER_APPICON_NAME = AppIcon;
				DEVELOPMENT_TEAM = L4FET847JL;
				INFOPLIST_FILE = DummyProj/Info.plist;
				LD_RUNPATH_SEARCH_PATHS = "$(inherited) @executable_path/Frameworks";
				PRODUCT_BUNDLE_IDENTIFIER = com.buddybuild.DummyProj;
				PRODUCT_NAME = "$(TARGET_NAME)";
			};
			name = Release;
		};
/* End XCBuildConfiguration section */

/* Begin XCConfigurationList section */
		8B482EDC1F4CC6050074A006 /* Build configuration list for PBXProject "DummyProj" */ = {
			isa = XCConfigurationList;
			buildConfigurations = (
				8B482EF61F4CC6050074A006 /* Debug */,
				8B482EF71F4CC6050074A006 /* Release */,
			);
			defaultConfigurationIsVisible = 0;
			defaultConfigurationName = Release;
		};
		8B482EF81F4CC6050074A006 /* Build configuration list for PBXNativeTarget "DummyProj" */ = {
			isa = XCConfigurationList;
			buildConfigurations = (
				8B482EF91F4CC6050074A006 /* Debug */,
				8B482EFA1F4CC6050074A006 /* Release */,
			);
			defaultConfigurationIsVisible = 0;
		};
/* End XCConfigurationList section */
	};
	rootObject = 8B482ED91F4CC6050074A006 /* Project object */;
}
